
Microsoft Visual Studio Solution File, Format Version 12.00
# Visual Studio Version 17
VisualStudioVersion = 17.9.34622.214
MinimumVisualStudioVersion = 10.0.40219.1
Project("{9A19103F-16F7-4668-BE54-9A1E7A4F7556}") = "RealEstateApi", "RealEstateApi.csproj", "{C770A58F-D336-4C50-AAD9-50F0CB9090AB}"
EndProject
Project("{FAE04EC0-301F-11D3-BF4B-00C04F79EFBC}") = "RealEstateLibrary", "..\RealEstateLibrary\RealEstateLibrary.csproj", "{2CA7CC2D-633B-4A0E-9F93-392BED704BB4}"
EndProject
Global
	GlobalSection(SolutionConfigurationPlatforms) = preSolution
		Debug|Any CPU = Debug|Any CPU
		Release|Any CPU = Release|Any CPU
	EndGlobalSection
	GlobalSection(ProjectConfigurationPlatforms) = postSolution
		{C770A58F-D336-4C50-AAD9-50F0CB9090AB}.Debug|Any CPU.ActiveCfg = Debug|Any CPU
		{C770A58F-D336-4C50-AAD9-50F0CB9090AB}.Debug|Any CPU.Build.0 = Debug|Any CPU
		{C770A58F-D336-4C50-AAD9-50F0CB9090AB}.Release|Any CPU.ActiveCfg = Release|Any CPU
		{C770A58F-D336-4C50-AAD9-50F0CB9090AB}.Release|Any CPU.Build.0 = Release|Any CPU
		{2CA7CC2D-633B-4A0E-9F93-392BED704BB4}.Debug|Any CPU.ActiveCfg = Debug|Any CPU
		{2CA7CC2D-633B-4A0E-9F93-392BED704BB4}.Debug|Any CPU.Build.0 = Debug|Any CPU
		{2CA7CC2D-633B-4A0E-9F93-392BED704BB4}.Release|Any CPU.ActiveCfg = Release|Any CPU
		{2CA7CC2D-633B-4A0E-9F93-392BED704BB4}.Release|Any CPU.Build.0 = Release|Any CPU
	EndGlobalSection
	GlobalSection(SolutionProperties) = preSolution
		HideSolutionNode = FALSE
	EndGlobalSection
	GlobalSection(ExtensibilityGlobals) = postSolution
		SolutionGuid = {F15723B6-11D7-410E-830E-3A385BA8149B}
	EndGlobalSection
EndGlobal
