
Microsoft Visual Studio Solution File, Format Version 12.00
# Visual Studio Version 17
VisualStudioVersion = 17.9.34622.214
MinimumVisualStudioVersion = 10.0.40219.1
Project("{9A19103F-16F7-4668-BE54-9A1E7A4F7556}") = "RealEstateApi", "RealEstateApi.csproj", "{C770A58F-D336-4C50-AAD9-50F0CB9090AB}"
EndProject
Project("{9A19103F-16F7-4668-BE54-9A1E7A4F7556}") = "RealEstateApiLibraryEF", "..\RealEstateApiLibraryEF\RealEstateApiLibraryEF.csproj", "{4C0704A8-51A7-4974-A254-246BA224A529}"
EndProject
Project("{FAE04EC0-301F-11D3-BF4B-00C04F79EFBC}") = "RealEstateXUnitTest", "..\RealEstateXUnitTest\RealEstateXUnitTest.csproj", "{970E82F8-3D1D-4681-971C-2F142B0F0A4E}"
EndProject
Global
	GlobalSection(SolutionConfigurationPlatforms) = preSolution
		Debug|Any CPU = Debug|Any CPU
		Release|Any CPU = Release|Any CPU
	EndGlobalSection
	GlobalSection(ProjectConfigurationPlatforms) = postSolution
		{C770A58F-D336-4C50-AAD9-50F0CB9090AB}.Debug|Any CPU.ActiveCfg = Debug|Any CPU
		{C770A58F-D336-4C50-AAD9-50F0CB9090AB}.Debug|Any CPU.Build.0 = Debug|Any CPU
		{C770A58F-D336-4C50-AAD9-50F0CB9090AB}.Release|Any CPU.ActiveCfg = Release|Any CPU
		{C770A58F-D336-4C50-AAD9-50F0CB9090AB}.Release|Any CPU.Build.0 = Release|Any CPU
		{4C0704A8-51A7-4974-A254-246BA224A529}.Debug|Any CPU.ActiveCfg = Debug|Any CPU
		{4C0704A8-51A7-4974-A254-246BA224A529}.Debug|Any CPU.Build.0 = Debug|Any CPU
		{4C0704A8-51A7-4974-A254-246BA224A529}.Release|Any CPU.ActiveCfg = Release|Any CPU
		{4C0704A8-51A7-4974-A254-246BA224A529}.Release|Any CPU.Build.0 = Release|Any CPU
		{970E82F8-3D1D-4681-971C-2F142B0F0A4E}.Debug|Any CPU.ActiveCfg = Debug|Any CPU
		{970E82F8-3D1D-4681-971C-2F142B0F0A4E}.Debug|Any CPU.Build.0 = Debug|Any CPU
		{970E82F8-3D1D-4681-971C-2F142B0F0A4E}.Release|Any CPU.ActiveCfg = Release|Any CPU
		{970E82F8-3D1D-4681-971C-2F142B0F0A4E}.Release|Any CPU.Build.0 = Release|Any CPU
	EndGlobalSection
	GlobalSection(SolutionProperties) = preSolution
		HideSolutionNode = FALSE
	EndGlobalSection
	GlobalSection(ExtensibilityGlobals) = postSolution
		SolutionGuid = {F15723B6-11D7-410E-830E-3A385BA8149B}
	EndGlobalSection
EndGlobal
